
Microsoft Visual Studio Solution File, Format Version 12.00
# Visual Studio Version 17
VisualStudioVersion = 17.6.33801.468
MinimumVisualStudioVersion = 10.0.40219.1
Project("{9A19103F-16F7-4668-BE54-9A1E7A4F7556}") = "RazorPagesTestAppTF", "RazorPagesTestAppTF\RazorPagesTestAppTF.csproj", "{206BFB7B-5201-4348-AAA3-88F4C00CC939}"
EndProject
Project("{FAE04EC0-301F-11D3-BF4B-00C04F79EFBC}") = "FiltersTestProject", "FiltersTestProject\FiltersTestProject.csproj", "{CFEE963F-F853-473E-B3D8-9F8DB3BED2B7}"
EndProject
Global
	GlobalSection(SolutionConfigurationPlatforms) = preSolution
		Debug|Any CPU = Debug|Any CPU
		Release|Any CPU = Release|Any CPU
	EndGlobalSection
	GlobalSection(ProjectConfigurationPlatforms) = postSolution
		{206BFB7B-5201-4348-AAA3-88F4C00CC939}.Debug|Any CPU.ActiveCfg = Debug|Any CPU
		{206BFB7B-5201-4348-AAA3-88F4C00CC939}.Debug|Any CPU.Build.0 = Debug|Any CPU
		{206BFB7B-5201-4348-AAA3-88F4C00CC939}.Release|Any CPU.ActiveCfg = Release|Any CPU
		{206BFB7B-5201-4348-AAA3-88F4C00CC939}.Release|Any CPU.Build.0 = Release|Any CPU
		{CFEE963F-F853-473E-B3D8-9F8DB3BED2B7}.Debug|Any CPU.ActiveCfg = Debug|Any CPU
		{CFEE963F-F853-473E-B3D8-9F8DB3BED2B7}.Debug|Any CPU.Build.0 = Debug|Any CPU
		{CFEE963F-F853-473E-B3D8-9F8DB3BED2B7}.Release|Any CPU.ActiveCfg = Release|Any CPU
		{CFEE963F-F853-473E-B3D8-9F8DB3BED2B7}.Release|Any CPU.Build.0 = Release|Any CPU
	EndGlobalSection
	GlobalSection(SolutionProperties) = preSolution
		HideSolutionNode = FALSE
	EndGlobalSection
	GlobalSection(ExtensibilityGlobals) = postSolution
		SolutionGuid = {96B53C5E-0E82-4DC0-A18F-275264126AAD}
	EndGlobalSection
EndGlobal
